// !$*UTF8*$!
{
	archiveVersion = 1;
	classes = {
	};
	objectVersion = 55;
	objects = {

/* Begin PBXBuildFile section */
		AD53D68D2811F7E0005BF371 /* HW1 - Bad Version.swift in Sources */ = {isa = PBXBuildFile; fileRef = AD53D68C2811F7E0005BF371 /* HW1 - Bad Version.swift */; };
		AD53D68E2811F7E0005BF371 /* HW1 - Bad Version.swift in Sources */ = {isa = PBXBuildFile; fileRef = AD53D68C2811F7E0005BF371 /* HW1 - Bad Version.swift */; };
		ADDF27C427BCB56E000D207B /* Tests_iOS.swift in Sources */ = {isa = PBXBuildFile; fileRef = ADDF27C327BCB56E000D207B /* Tests_iOS.swift */; };
		ADDF27C627BCB56E000D207B /* Tests_iOSLaunchTests.swift in Sources */ = {isa = PBXBuildFile; fileRef = ADDF27C527BCB56E000D207B /* Tests_iOSLaunchTests.swift */; };
		ADDF27D027BCB56E000D207B /* Tests_macOS.swift in Sources */ = {isa = PBXBuildFile; fileRef = ADDF27CF27BCB56E000D207B /* Tests_macOS.swift */; };
		ADDF27D227BCB56E000D207B /* Tests_macOSLaunchTests.swift in Sources */ = {isa = PBXBuildFile; fileRef = ADDF27D127BCB56E000D207B /* Tests_macOSLaunchTests.swift */; };
		ADDF27D327BCB56E000D207B /* PHYS440.xcdatamodeld in Sources */ = {isa = PBXBuildFile; fileRef = ADDF27A827BCB567000D207B /* PHYS440.xcdatamodeld */; };
		ADDF27D427BCB56E000D207B /* PHYS440.xcdatamodeld in Sources */ = {isa = PBXBuildFile; fileRef = ADDF27A827BCB567000D207B /* PHYS440.xcdatamodeld */; };
		ADDF27D527BCB56E000D207B /* PHYS440App.swift in Sources */ = {isa = PBXBuildFile; fileRef = ADDF27AA27BCB567000D207B /* PHYS440App.swift */; };
		ADDF27D627BCB56E000D207B /* PHYS440App.swift in Sources */ = {isa = PBXBuildFile; fileRef = ADDF27AA27BCB567000D207B /* PHYS440App.swift */; };
		ADDF27D727BCB56E000D207B /* ContentView.swift in Sources */ = {isa = PBXBuildFile; fileRef = ADDF27AB27BCB567000D207B /* ContentView.swift */; };
		ADDF27D827BCB56E000D207B /* ContentView.swift in Sources */ = {isa = PBXBuildFile; fileRef = ADDF27AB27BCB567000D207B /* ContentView.swift */; };
		ADDF27D927BCB56E000D207B /* Persistence.swift in Sources */ = {isa = PBXBuildFile; fileRef = ADDF27AC27BCB567000D207B /* Persistence.swift */; };
		ADDF27DA27BCB56E000D207B /* Persistence.swift in Sources */ = {isa = PBXBuildFile; fileRef = ADDF27AC27BCB567000D207B /* Persistence.swift */; };
		ADDF27DB27BCB56E000D207B /* Assets.xcassets in Resources */ = {isa = PBXBuildFile; fileRef = ADDF27AD27BCB56D000D207B /* Assets.xcassets */; };
		ADDF27DC27BCB56E000D207B /* Assets.xcassets in Resources */ = {isa = PBXBuildFile; fileRef = ADDF27AD27BCB56D000D207B /* Assets.xcassets */; };
/* End PBXBuildFile section */

/* Begin PBXContainerItemProxy section */
		ADDF27C027BCB56E000D207B /* PBXContainerItemProxy */ = {
			isa = PBXContainerItemProxy;
			containerPortal = ADDF27A327BCB566000D207B /* Project object */;
			proxyType = 1;
			remoteGlobalIDString = ADDF27B127BCB56D000D207B;
			remoteInfo = "PHYS440 (iOS)";
		};
		ADDF27CC27BCB56E000D207B /* PBXContainerItemProxy */ = {
			isa = PBXContainerItemProxy;
			containerPortal = ADDF27A327BCB566000D207B /* Project object */;
			proxyType = 1;
			remoteGlobalIDString = ADDF27B727BCB56E000D207B;
			remoteInfo = "PHYS440 (macOS)";
		};
/* End PBXContainerItemProxy section */

/* Begin PBXFileReference section */
		AD53D68C2811F7E0005BF371 /* HW1 - Bad Version.swift */ = {isa = PBXFileReference; lastKnownFileType = sourcecode.swift; path = "HW1 - Bad Version.swift"; sourceTree = "<group>"; };
		ADDF27A927BCB567000D207B /* Shared.xcdatamodel */ = {isa = PBXFileReference; lastKnownFileType = wrapper.xcdatamodel; path = Shared.xcdatamodel; sourceTree = "<group>"; };
		ADDF27AA27BCB567000D207B /* PHYS440App.swift */ = {isa = PBXFileReference; lastKnownFileType = sourcecode.swift; path = PHYS440App.swift; sourceTree = "<group>"; };
		ADDF27AB27BCB567000D207B /* ContentView.swift */ = {isa = PBXFileReference; lastKnownFileType = sourcecode.swift; path = ContentView.swift; sourceTree = "<group>"; };
		ADDF27AC27BCB567000D207B /* Persistence.swift */ = {isa = PBXFileReference; lastKnownFileType = sourcecode.swift; path = Persistence.swift; sourceTree = "<group>"; };
		ADDF27AD27BCB56D000D207B /* Assets.xcassets */ = {isa = PBXFileReference; lastKnownFileType = folder.assetcatalog; path = Assets.xcassets; sourceTree = "<group>"; };
		ADDF27B227BCB56D000D207B /* PHYS440.app */ = {isa = PBXFileReference; explicitFileType = wrapper.application; includeInIndex = 0; path = PHYS440.app; sourceTree = BUILT_PRODUCTS_DIR; };
		ADDF27B827BCB56E000D207B /* PHYS440.app */ = {isa = PBXFileReference; explicitFileType = wrapper.application; includeInIndex = 0; path = PHYS440.app; sourceTree = BUILT_PRODUCTS_DIR; };
		ADDF27BA27BCB56E000D207B /* macOS.entitlements */ = {isa = PBXFileReference; lastKnownFileType = text.plist.entitlements; path = macOS.entitlements; sourceTree = "<group>"; };
		ADDF27BF27BCB56E000D207B /* Tests iOS.xctest */ = {isa = PBXFileReference; explicitFileType = wrapper.cfbundle; includeInIndex = 0; path = "Tests iOS.xctest"; sourceTree = BUILT_PRODUCTS_DIR; };
		ADDF27C327BCB56E000D207B /* Tests_iOS.swift */ = {isa = PBXFileReference; lastKnownFileType = sourcecode.swift; path = Tests_iOS.swift; sourceTree = "<group>"; };
		ADDF27C527BCB56E000D207B /* Tests_iOSLaunchTests.swift */ = {isa = PBXFileReference; lastKnownFileType = sourcecode.swift; path = Tests_iOSLaunchTests.swift; sourceTree = "<group>"; };
		ADDF27CB27BCB56E000D207B /* Tests macOS.xctest */ = {isa = PBXFileReference; explicitFileType = wrapper.cfbundle; includeInIndex = 0; path = "Tests macOS.xctest"; sourceTree = BUILT_PRODUCTS_DIR; };
		ADDF27CF27BCB56E000D207B /* Tests_macOS.swift */ = {isa = PBXFileReference; lastKnownFileType = sourcecode.swift; path = Tests_macOS.swift; sourceTree = "<group>"; };
		ADDF27D127BCB56E000D207B /* Tests_macOSLaunchTests.swift */ = {isa = PBXFileReference; lastKnownFileType = sourcecode.swift; path = Tests_macOSLaunchTests.swift; sourceTree = "<group>"; };
/* End PBXFileReference section */

/* Begin PBXFrameworksBuildPhase section */
		ADDF27AF27BCB56D000D207B /* Frameworks */ = {
			isa = PBXFrameworksBuildPhase;
			buildActionMask = 2147483647;
			files = (
			);
			runOnlyForDeploymentPostprocessing = 0;
		};
		ADDF27B527BCB56E000D207B /* Frameworks */ = {
			isa = PBXFrameworksBuildPhase;
			buildActionMask = 2147483647;
			files = (
			);
			runOnlyForDeploymentPostprocessing = 0;
		};
		ADDF27BC27BCB56E000D207B /* Frameworks */ = {
			isa = PBXFrameworksBuildPhase;
			buildActionMask = 2147483647;
			files = (
			);
			runOnlyForDeploymentPostprocessing = 0;
		};
		ADDF27C827BCB56E000D207B /* Frameworks */ = {
			isa = PBXFrameworksBuildPhase;
			buildActionMask = 2147483647;
			files = (
			);
			runOnlyForDeploymentPostprocessing = 0;
		};
/* End PBXFrameworksBuildPhase section */

/* Begin PBXGroup section */
		ADDF27A227BCB565000D207B = {
			isa = PBXGroup;
			children = (
				ADDF27A727BCB567000D207B /* Shared */,
				ADDF27B927BCB56E000D207B /* macOS */,
				ADDF27C227BCB56E000D207B /* Tests iOS */,
				ADDF27CE27BCB56E000D207B /* Tests macOS */,
				ADDF27B327BCB56D000D207B /* Products */,
			);
			sourceTree = "<group>";
		};
		ADDF27A727BCB567000D207B /* Shared */ = {
			isa = PBXGroup;
			children = (
				ADDF27AA27BCB567000D207B /* PHYS440App.swift */,
				ADDF27AB27BCB567000D207B /* ContentView.swift */,
				ADDF27AC27BCB567000D207B /* Persistence.swift */,
				ADDF27AD27BCB56D000D207B /* Assets.xcassets */,
				ADDF27A827BCB567000D207B /* PHYS440.xcdatamodeld */,
				AD53D68C2811F7E0005BF371 /* HW1 - Bad Version.swift */,
			);
			path = Shared;
			sourceTree = "<group>";
		};
		ADDF27B327BCB56D000D207B /* Products */ = {
			isa = PBXGroup;
			children = (
				ADDF27B227BCB56D000D207B /* PHYS440.app */,
				ADDF27B827BCB56E000D207B /* PHYS440.app */,
				ADDF27BF27BCB56E000D207B /* Tests iOS.xctest */,
				ADDF27CB27BCB56E000D207B /* Tests macOS.xctest */,
			);
			name = Products;
			sourceTree = "<group>";
		};
		ADDF27B927BCB56E000D207B /* macOS */ = {
			isa = PBXGroup;
			children = (
				ADDF27BA27BCB56E000D207B /* macOS.entitlements */,
			);
			path = macOS;
			sourceTree = "<group>";
		};
		ADDF27C227BCB56E000D207B /* Tests iOS */ = {
			isa = PBXGroup;
			children = (
				ADDF27C327BCB56E000D207B /* Tests_iOS.swift */,
				ADDF27C527BCB56E000D207B /* Tests_iOSLaunchTests.swift */,
			);
			path = "Tests iOS";
			sourceTree = "<group>";
		};
		ADDF27CE27BCB56E000D207B /* Tests macOS */ = {
			isa = PBXGroup;
			children = (
				ADDF27CF27BCB56E000D207B /* Tests_macOS.swift */,
				ADDF27D127BCB56E000D207B /* Tests_macOSLaunchTests.swift */,
			);
			path = "Tests macOS";
			sourceTree = "<group>";
		};
/* End PBXGroup section */

/* Begin PBXNativeTarget section */
		ADDF27B127BCB56D000D207B /* PHYS440 (iOS) */ = {
			isa = PBXNativeTarget;
			buildConfigurationList = ADDF27DF27BCB56E000D207B /* Build configuration list for PBXNativeTarget "PHYS440 (iOS)" */;
			buildPhases = (
				ADDF27AE27BCB56D000D207B /* Sources */,
				ADDF27AF27BCB56D000D207B /* Frameworks */,
				ADDF27B027BCB56D000D207B /* Resources */,
			);
			buildRules = (
			);
			dependencies = (
			);
			name = "PHYS440 (iOS)";
			productName = "PHYS440 (iOS)";
			productReference = ADDF27B227BCB56D000D207B /* PHYS440.app */;
			productType = "com.apple.product-type.application";
		};
		ADDF27B727BCB56E000D207B /* PHYS440 (macOS) */ = {
			isa = PBXNativeTarget;
			buildConfigurationList = ADDF27E227BCB56E000D207B /* Build configuration list for PBXNativeTarget "PHYS440 (macOS)" */;
			buildPhases = (
				ADDF27B427BCB56E000D207B /* Sources */,
				ADDF27B527BCB56E000D207B /* Frameworks */,
				ADDF27B627BCB56E000D207B /* Resources */,
			);
			buildRules = (
			);
			dependencies = (
			);
			name = "PHYS440 (macOS)";
			productName = "PHYS440 (macOS)";
			productReference = ADDF27B827BCB56E000D207B /* PHYS440.app */;
			productType = "com.apple.product-type.application";
		};
		ADDF27BE27BCB56E000D207B /* Tests iOS */ = {
			isa = PBXNativeTarget;
			buildConfigurationList = ADDF27E527BCB56E000D207B /* Build configuration list for PBXNativeTarget "Tests iOS" */;
			buildPhases = (
				ADDF27BB27BCB56E000D207B /* Sources */,
				ADDF27BC27BCB56E000D207B /* Frameworks */,
				ADDF27BD27BCB56E000D207B /* Resources */,
			);
			buildRules = (
			);
			dependencies = (
				ADDF27C127BCB56E000D207B /* PBXTargetDependency */,
			);
			name = "Tests iOS";
			productName = "Tests iOS";
			productReference = ADDF27BF27BCB56E000D207B /* Tests iOS.xctest */;
			productType = "com.apple.product-type.bundle.ui-testing";
		};
		ADDF27CA27BCB56E000D207B /* Tests macOS */ = {
			isa = PBXNativeTarget;
			buildConfigurationList = ADDF27E827BCB56E000D207B /* Build configuration list for PBXNativeTarget "Tests macOS" */;
			buildPhases = (
				ADDF27C727BCB56E000D207B /* Sources */,
				ADDF27C827BCB56E000D207B /* Frameworks */,
				ADDF27C927BCB56E000D207B /* Resources */,
			);
			buildRules = (
			);
			dependencies = (
				ADDF27CD27BCB56E000D207B /* PBXTargetDependency */,
			);
			name = "Tests macOS";
			productName = "Tests macOS";
			productReference = ADDF27CB27BCB56E000D207B /* Tests macOS.xctest */;
			productType = "com.apple.product-type.bundle.ui-testing";
		};
/* End PBXNativeTarget section */

/* Begin PBXProject section */
		ADDF27A327BCB566000D207B /* Project object */ = {
			isa = PBXProject;
			attributes = {
				BuildIndependentTargetsInParallel = 1;
				LastSwiftUpdateCheck = 1320;
				LastUpgradeCheck = 1320;
				TargetAttributes = {
					ADDF27B127BCB56D000D207B = {
						CreatedOnToolsVersion = 13.2.1;
					};
					ADDF27B727BCB56E000D207B = {
						CreatedOnToolsVersion = 13.2.1;
					};
					ADDF27BE27BCB56E000D207B = {
						CreatedOnToolsVersion = 13.2.1;
						TestTargetID = ADDF27B127BCB56D000D207B;
					};
					ADDF27CA27BCB56E000D207B = {
						CreatedOnToolsVersion = 13.2.1;
						TestTargetID = ADDF27B727BCB56E000D207B;
					};
				};
			};
			buildConfigurationList = ADDF27A627BCB566000D207B /* Build configuration list for PBXProject "PHYS440" */;
			compatibilityVersion = "Xcode 13.0";
			developmentRegion = en;
			hasScannedForEncodings = 0;
			knownRegions = (
				en,
				Base,
			);
			mainGroup = ADDF27A227BCB565000D207B;
			productRefGroup = ADDF27B327BCB56D000D207B /* Products */;
			projectDirPath = "";
			projectRoot = "";
			targets = (
				ADDF27B127BCB56D000D207B /* PHYS440 (iOS) */,
				ADDF27B727BCB56E000D207B /* PHYS440 (macOS) */,
				ADDF27BE27BCB56E000D207B /* Tests iOS */,
				ADDF27CA27BCB56E000D207B /* Tests macOS */,
			);
		};
/* End PBXProject section */

/* Begin PBXResourcesBuildPhase section */
		ADDF27B027BCB56D000D207B /* Resources */ = {
			isa = PBXResourcesBuildPhase;
			buildActionMask = 2147483647;
			files = (
				ADDF27DB27BCB56E000D207B /* Assets.xcassets in Resources */,
			);
			runOnlyForDeploymentPostprocessing = 0;
		};
		ADDF27B627BCB56E000D207B /* Resources */ = {
			isa = PBXResourcesBuildPhase;
			buildActionMask = 2147483647;
			files = (
				ADDF27DC27BCB56E000D207B /* Assets.xcassets in Resources */,
			);
			runOnlyForDeploymentPostprocessing = 0;
		};
		ADDF27BD27BCB56E000D207B /* Resources */ = {
			isa = PBXResourcesBuildPhase;
			buildActionMask = 2147483647;
			files = (
			);
			runOnlyForDeploymentPostprocessing = 0;
		};
		ADDF27C927BCB56E000D207B /* Resources */ = {
			isa = PBXResourcesBuildPhase;
			buildActionMask = 2147483647;
			files = (
			);
			runOnlyForDeploymentPostprocessing = 0;
		};
/* End PBXResourcesBuildPhase section */

/* Begin PBXSourcesBuildPhase section */
		ADDF27AE27BCB56D000D207B /* Sources */ = {
			isa = PBXSourcesBuildPhase;
			buildActionMask = 2147483647;
			files = (
				ADDF27D527BCB56E000D207B /* PHYS440App.swift in Sources */,
				ADDF27D927BCB56E000D207B /* Persistence.swift in Sources */,
				ADDF27D327BCB56E000D207B /* PHYS440.xcdatamodeld in Sources */,
				ADDF27D727BCB56E000D207B /* ContentView.swift in Sources */,
				AD53D68D2811F7E0005BF371 /* HW1 - Bad Version.swift in Sources */,
			);
			runOnlyForDeploymentPostprocessing = 0;
		};
		ADDF27B427BCB56E000D207B /* Sources */ = {
			isa = PBXSourcesBuildPhase;
			buildActionMask = 2147483647;
			files = (
				ADDF27D627BCB56E000D207B /* PHYS440App.swift in Sources */,
				ADDF27DA27BCB56E000D207B /* Persistence.swift in Sources */,
				ADDF27D427BCB56E000D207B /* PHYS440.xcdatamodeld in Sources */,
				ADDF27D827BCB56E000D207B /* ContentView.swift in Sources */,
				AD53D68E2811F7E0005BF371 /* HW1 - Bad Version.swift in Sources */,
			);
			runOnlyForDeploymentPostprocessing = 0;
		};
		ADDF27BB27BCB56E000D207B /* Sources */ = {
			isa = PBXSourcesBuildPhase;
			buildActionMask = 2147483647;
			files = (
				ADDF27C627BCB56E000D207B /* Tests_iOSLaunchTests.swift in Sources */,
				ADDF27C427BCB56E000D207B /* Tests_iOS.swift in Sources */,
			);
			runOnlyForDeploymentPostprocessing = 0;
		};
		ADDF27C727BCB56E000D207B /* Sources */ = {
			isa = PBXSourcesBuildPhase;
			buildActionMask = 2147483647;
			files = (
				ADDF27D227BCB56E000D207B /* Tests_macOSLaunchTests.swift in Sources */,
				ADDF27D027BCB56E000D207B /* Tests_macOS.swift in Sources */,
			);
			runOnlyForDeploymentPostprocessing = 0;
		};
/* End PBXSourcesBuildPhase section */

/* Begin PBXTargetDependency section */
		ADDF27C127BCB56E000D207B /* PBXTargetDependency */ = {
			isa = PBXTargetDependency;
			target = ADDF27B127BCB56D000D207B /* PHYS440 (iOS) */;
			targetProxy = ADDF27C027BCB56E000D207B /* PBXContainerItemProxy */;
		};
		ADDF27CD27BCB56E000D207B /* PBXTargetDependency */ = {
			isa = PBXTargetDependency;
			target = ADDF27B727BCB56E000D207B /* PHYS440 (macOS) */;
			targetProxy = ADDF27CC27BCB56E000D207B /* PBXContainerItemProxy */;
		};
/* End PBXTargetDependency section */

/* Begin XCBuildConfiguration section */
		ADDF27DD27BCB56E000D207B /* Debug */ = {
			isa = XCBuildConfiguration;
			buildSettings = {
				ALWAYS_SEARCH_USER_PATHS = NO;
				CLANG_ANALYZER_NONNULL = YES;
				CLANG_ANALYZER_NUMBER_OBJECT_CONVERSION = YES_AGGRESSIVE;
				CLANG_CXX_LANGUAGE_STANDARD = "gnu++17";
				CLANG_CXX_LIBRARY = "libc++";
				CLANG_ENABLE_MODULES = YES;
				CLANG_ENABLE_OBJC_ARC = YES;
				CLANG_ENABLE_OBJC_WEAK = YES;
				CLANG_WARN_BLOCK_CAPTURE_AUTORELEASING = YES;
				CLANG_WARN_BOOL_CONVERSION = YES;
				CLANG_WARN_COMMA = YES;
				CLANG_WARN_CONSTANT_CONVERSION = YES;
				CLANG_WARN_DEPRECATED_OBJC_IMPLEMENTATIONS = YES;
				CLANG_WARN_DIRECT_OBJC_ISA_USAGE = YES_ERROR;
				CLANG_WARN_DOCUMENTATION_COMMENTS = YES;
				CLANG_WARN_EMPTY_BODY = YES;
				CLANG_WARN_ENUM_CONVERSION = YES;
				CLANG_WARN_INFINITE_RECURSION = YES;
				CLANG_WARN_INT_CONVERSION = YES;
				CLANG_WARN_NON_LITERAL_NULL_CONVERSION = YES;
				CLANG_WARN_OBJC_IMPLICIT_RETAIN_SELF = YES;
				CLANG_WARN_OBJC_LITERAL_CONVERSION = YES;
				CLANG_WARN_OBJC_ROOT_CLASS = YES_ERROR;
				CLANG_WARN_QUOTED_INCLUDE_IN_FRAMEWORK_HEADER = YES;
				CLANG_WARN_RANGE_LOOP_ANALYSIS = YES;
				CLANG_WARN_STRICT_PROTOTYPES = YES;
				CLANG_WARN_SUSPICIOUS_MOVE = YES;
				CLANG_WARN_UNGUARDED_AVAILABILITY = YES_AGGRESSIVE;
				CLANG_WARN_UNREACHABLE_CODE = YES;
				CLANG_WARN__DUPLICATE_METHOD_MATCH = YES;
				COPY_PHASE_STRIP = NO;
				DEBUG_INFORMATION_FORMAT = dwarf;
				ENABLE_STRICT_OBJC_MSGSEND = YES;
				ENABLE_TESTABILITY = YES;
				GCC_C_LANGUAGE_STANDARD = gnu11;
				GCC_DYNAMIC_NO_PIC = NO;
				GCC_NO_COMMON_BLOCKS = YES;
				GCC_OPTIMIZATION_LEVEL = 0;
				GCC_PREPROCESSOR_DEFINITIONS = (
					"DEBUG=1",
					"$(inherited)",
				);
				GCC_WARN_64_TO_32_BIT_CONVERSION = YES;
				GCC_WARN_ABOUT_RETURN_TYPE = YES_ERROR;
				GCC_WARN_UNDECLARED_SELECTOR = YES;
				GCC_WARN_UNINITIALIZED_AUTOS = YES_AGGRESSIVE;
				GCC_WARN_UNUSED_FUNCTION = YES;
				GCC_WARN_UNUSED_VARIABLE = YES;
				MTL_ENABLE_DEBUG_INFO = INCLUDE_SOURCE;
				MTL_FAST_MATH = YES;
				ONLY_ACTIVE_ARCH = YES;
				SWIFT_ACTIVE_COMPILATION_CONDITIONS = DEBUG;
				SWIFT_OPTIMIZATION_LEVEL = "-Onone";
			};
			name = Debug;
		};
		ADDF27DE27BCB56E000D207B /* Release */ = {
			isa = XCBuildConfiguration;
			buildSettings = {
				ALWAYS_SEARCH_USER_PATHS = NO;
				CLANG_ANALYZER_NONNULL = YES;
				CLANG_ANALYZER_NUMBER_OBJECT_CONVERSION = YES_AGGRESSIVE;
				CLANG_CXX_LANGUAGE_STANDARD = "gnu++17";
				CLANG_CXX_LIBRARY = "libc++";
				CLANG_ENABLE_MODULES = YES;
				CLANG_ENABLE_OBJC_ARC = YES;
				CLANG_ENABLE_OBJC_WEAK = YES;
				CLANG_WARN_BLOCK_CAPTURE_AUTORELEASING = YES;
				CLANG_WARN_BOOL_CONVERSION = YES;
				CLANG_WARN_COMMA = YES;
				CLANG_WARN_CONSTANT_CONVERSION = YES;
				CLANG_WARN_DEPRECATED_OBJC_IMPLEMENTATIONS = YES;
				CLANG_WARN_DIRECT_OBJC_ISA_USAGE = YES_ERROR;
				CLANG_WARN_DOCUMENTATION_COMMENTS = YES;
				CLANG_WARN_EMPTY_BODY = YES;
				CLANG_WARN_ENUM_CONVERSION = YES;
				CLANG_WARN_INFINITE_RECURSION = YES;
				CLANG_WARN_INT_CONVERSION = YES;
				CLANG_WARN_NON_LITERAL_NULL_CONVERSION = YES;
				CLANG_WARN_OBJC_IMPLICIT_RETAIN_SELF = YES;
				CLANG_WARN_OBJC_LITERAL_CONVERSION = YES;
				CLANG_WARN_OBJC_ROOT_CLASS = YES_ERROR;
				CLANG_WARN_QUOTED_INCLUDE_IN_FRAMEWORK_HEADER = YES;
				CLANG_WARN_RANGE_LOOP_ANALYSIS = YES;
				CLANG_WARN_STRICT_PROTOTYPES = YES;
				CLANG_WARN_SUSPICIOUS_MOVE = YES;
				CLANG_WARN_UNGUARDED_AVAILABILITY = YES_AGGRESSIVE;
				CLANG_WARN_UNREACHABLE_CODE = YES;
				CLANG_WARN__DUPLICATE_METHOD_MATCH = YES;
				COPY_PHASE_STRIP = NO;
				DEBUG_INFORMATION_FORMAT = "dwarf-with-dsym";
				ENABLE_NS_ASSERTIONS = NO;
				ENABLE_STRICT_OBJC_MSGSEND = YES;
				GCC_C_LANGUAGE_STANDARD = gnu11;
				GCC_NO_COMMON_BLOCKS = YES;
				GCC_WARN_64_TO_32_BIT_CONVERSION = YES;
				GCC_WARN_ABOUT_RETURN_TYPE = YES_ERROR;
				GCC_WARN_UNDECLARED_SELECTOR = YES;
				GCC_WARN_UNINITIALIZED_AUTOS = YES_AGGRESSIVE;
				GCC_WARN_UNUSED_FUNCTION = YES;
				GCC_WARN_UNUSED_VARIABLE = YES;
				MTL_ENABLE_DEBUG_INFO = NO;
				MTL_FAST_MATH = YES;
				SWIFT_COMPILATION_MODE = wholemodule;
				SWIFT_OPTIMIZATION_LEVEL = "-O";
			};
			name = Release;
		};
		ADDF27E027BCB56E000D207B /* Debug */ = {
			isa = XCBuildConfiguration;
			buildSettings = {
				ASSETCATALOG_COMPILER_APPICON_NAME = AppIcon;
				ASSETCATALOG_COMPILER_GLOBAL_ACCENT_COLOR_NAME = AccentColor;
				CODE_SIGN_STYLE = Automatic;
				CURRENT_PROJECT_VERSION = 1;
				ENABLE_PREVIEWS = YES;
				GENERATE_INFOPLIST_FILE = YES;
				INFOPLIST_KEY_UIApplicationSceneManifest_Generation = YES;
				INFOPLIST_KEY_UIApplicationSupportsIndirectInputEvents = YES;
				INFOPLIST_KEY_UILaunchScreen_Generation = YES;
				INFOPLIST_KEY_UISupportedInterfaceOrientations_iPad = "UIInterfaceOrientationPortrait UIInterfaceOrientationPortraitUpsideDown UIInterfaceOrientationLandscapeLeft UIInterfaceOrientationLandscapeRight";
				INFOPLIST_KEY_UISupportedInterfaceOrientations_iPhone = "UIInterfaceOrientationPortrait UIInterfaceOrientationLandscapeLeft UIInterfaceOrientationLandscapeRight";
				IPHONEOS_DEPLOYMENT_TARGET = 15.2;
				LD_RUNPATH_SEARCH_PATHS = (
					"$(inherited)",
					"@executable_path/Frameworks",
				);
				MARKETING_VERSION = 1.0;
				PRODUCT_BUNDLE_IDENTIFIER = amiyakishore.PHYS440;
				PRODUCT_NAME = PHYS440;
				SDKROOT = iphoneos;
				SWIFT_EMIT_LOC_STRINGS = YES;
				SWIFT_VERSION = 5.0;
				TARGETED_DEVICE_FAMILY = "1,2";
			};
			name = Debug;
		};
		ADDF27E127BCB56E000D207B /* Release */ = {
			isa = XCBuildConfiguration;
			buildSettings = {
				ASSETCATALOG_COMPILER_APPICON_NAME = AppIcon;
				ASSETCATALOG_COMPILER_GLOBAL_ACCENT_COLOR_NAME = AccentColor;
				CODE_SIGN_STYLE = Automatic;
				CURRENT_PROJECT_VERSION = 1;
				ENABLE_PREVIEWS = YES;
				GENERATE_INFOPLIST_FILE = YES;
				INFOPLIST_KEY_UIApplicationSceneManifest_Generation = YES;
				INFOPLIST_KEY_UIApplicationSupportsIndirectInputEvents = YES;
				INFOPLIST_KEY_UILaunchScreen_Generation = YES;
				INFOPLIST_KEY_UISupportedInterfaceOrientations_iPad = "UIInterfaceOrientationPortrait UIInterfaceOrientationPortraitUpsideDown UIInterfaceOrientationLandscapeLeft UIInterfaceOrientationLandscapeRight";
				INFOPLIST_KEY_UISupportedInterfaceOrientations_iPhone = "UIInterfaceOrientationPortrait UIInterfaceOrientationLandscapeLeft UIInterfaceOrientationLandscapeRight";
				IPHONEOS_DEPLOYMENT_TARGET = 15.2;
				LD_RUNPATH_SEARCH_PATHS = (
					"$(inherited)",
					"@executable_path/Frameworks",
				);
				MARKETING_VERSION = 1.0;
				PRODUCT_BUNDLE_IDENTIFIER = amiyakishore.PHYS440;
				PRODUCT_NAME = PHYS440;
				SDKROOT = iphoneos;
				SWIFT_EMIT_LOC_STRINGS = YES;
				SWIFT_VERSION = 5.0;
				TARGETED_DEVICE_FAMILY = "1,2";
				VALIDATE_PRODUCT = YES;
			};
			name = Release;
		};
		ADDF27E327BCB56E000D207B /* Debug */ = {
			isa = XCBuildConfiguration;
			buildSettings = {
				ASSETCATALOG_COMPILER_APPICON_NAME = AppIcon;
				ASSETCATALOG_COMPILER_GLOBAL_ACCENT_COLOR_NAME = AccentColor;
				CODE_SIGN_ENTITLEMENTS = macOS/macOS.entitlements;
				CODE_SIGN_STYLE = Automatic;
				COMBINE_HIDPI_IMAGES = YES;
				CURRENT_PROJECT_VERSION = 1;
				ENABLE_PREVIEWS = YES;
				GENERATE_INFOPLIST_FILE = YES;
				INFOPLIST_KEY_NSHumanReadableCopyright = "";
				LD_RUNPATH_SEARCH_PATHS = (
					"$(inherited)",
					"@executable_path/../Frameworks",
				);
				MACOSX_DEPLOYMENT_TARGET = 12.1;
				MARKETING_VERSION = 1.0;
				PRODUCT_BUNDLE_IDENTIFIER = amiyakishore.PHYS440;
				PRODUCT_NAME = PHYS440;
				SDKROOT = macosx;
				SWIFT_EMIT_LOC_STRINGS = YES;
				SWIFT_VERSION = 5.0;
			};
			name = Debug;
		};
		ADDF27E427BCB56E000D207B /* Release */ = {
			isa = XCBuildConfiguration;
			buildSettings = {
				ASSETCATALOG_COMPILER_APPICON_NAME = AppIcon;
				ASSETCATALOG_COMPILER_GLOBAL_ACCENT_COLOR_NAME = AccentColor;
				CODE_SIGN_ENTITLEMENTS = macOS/macOS.entitlements;
				CODE_SIGN_STYLE = Automatic;
				COMBINE_HIDPI_IMAGES = YES;
				CURRENT_PROJECT_VERSION = 1;
				ENABLE_PREVIEWS = YES;
				GENERATE_INFOPLIST_FILE = YES;
				INFOPLIST_KEY_NSHumanReadableCopyright = "";
				LD_RUNPATH_SEARCH_PATHS = (
					"$(inherited)",
					"@executable_path/../Frameworks",
				);
				MACOSX_DEPLOYMENT_TARGET = 12.1;
				MARKETING_VERSION = 1.0;
				PRODUCT_BUNDLE_IDENTIFIER = amiyakishore.PHYS440;
				PRODUCT_NAME = PHYS440;
				SDKROOT = macosx;
				SWIFT_EMIT_LOC_STRINGS = YES;
				SWIFT_VERSION = 5.0;
			};
			name = Release;
		};
		ADDF27E627BCB56E000D207B /* Debug */ = {
			isa = XCBuildConfiguration;
			buildSettings = {
				ALWAYS_EMBED_SWIFT_STANDARD_LIBRARIES = YES;
				CODE_SIGN_STYLE = Automatic;
				CURRENT_PROJECT_VERSION = 1;
				GENERATE_INFOPLIST_FILE = YES;
				IPHONEOS_DEPLOYMENT_TARGET = 15.2;
				MARKETING_VERSION = 1.0;
				PRODUCT_BUNDLE_IDENTIFIER = "amiyakishore.Tests-iOS";
				PRODUCT_NAME = "$(TARGET_NAME)";
				SDKROOT = iphoneos;
				SWIFT_EMIT_LOC_STRINGS = NO;
				SWIFT_VERSION = 5.0;
				TARGETED_DEVICE_FAMILY = "1,2";
				TEST_TARGET_NAME = "PHYS440 (iOS)";
			};
			name = Debug;
		};
		ADDF27E727BCB56E000D207B /* Release */ = {
			isa = XCBuildConfiguration;
			buildSettings = {
				ALWAYS_EMBED_SWIFT_STANDARD_LIBRARIES = YES;
				CODE_SIGN_STYLE = Automatic;
				CURRENT_PROJECT_VERSION = 1;
				GENERATE_INFOPLIST_FILE = YES;
				IPHONEOS_DEPLOYMENT_TARGET = 15.2;
				MARKETING_VERSION = 1.0;
				PRODUCT_BUNDLE_IDENTIFIER = "amiyakishore.Tests-iOS";
				PRODUCT_NAME = "$(TARGET_NAME)";
				SDKROOT = iphoneos;
				SWIFT_EMIT_LOC_STRINGS = NO;
				SWIFT_VERSION = 5.0;
				TARGETED_DEVICE_FAMILY = "1,2";
				TEST_TARGET_NAME = "PHYS440 (iOS)";
				VALIDATE_PRODUCT = YES;
			};
			name = Release;
		};
		ADDF27E927BCB56E000D207B /* Debug */ = {
			isa = XCBuildConfiguration;
			buildSettings = {
				ALWAYS_EMBED_SWIFT_STANDARD_LIBRARIES = YES;
				CODE_SIGN_STYLE = Automatic;
				CURRENT_PROJECT_VERSION = 1;
				GENERATE_INFOPLIST_FILE = YES;
				MACOSX_DEPLOYMENT_TARGET = 12.1;
				MARKETING_VERSION = 1.0;
				PRODUCT_BUNDLE_IDENTIFIER = "amiyakishore.Tests-macOS";
				PRODUCT_NAME = "$(TARGET_NAME)";
				SDKROOT = macosx;
				SWIFT_EMIT_LOC_STRINGS = NO;
				SWIFT_VERSION = 5.0;
				TEST_TARGET_NAME = "PHYS440 (macOS)";
			};
			name = Debug;
		};
		ADDF27EA27BCB56E000D207B /* Release */ = {
			isa = XCBuildConfiguration;
			buildSettings = {
				ALWAYS_EMBED_SWIFT_STANDARD_LIBRARIES = YES;
				CODE_SIGN_STYLE = Automatic;
				CURRENT_PROJECT_VERSION = 1;
				GENERATE_INFOPLIST_FILE = YES;
				MACOSX_DEPLOYMENT_TARGET = 12.1;
				MARKETING_VERSION = 1.0;
				PRODUCT_BUNDLE_IDENTIFIER = "amiyakishore.Tests-macOS";
				PRODUCT_NAME = "$(TARGET_NAME)";
				SDKROOT = macosx;
				SWIFT_EMIT_LOC_STRINGS = NO;
				SWIFT_VERSION = 5.0;
				TEST_TARGET_NAME = "PHYS440 (macOS)";
			};
			name = Release;
		};
/* End XCBuildConfiguration section */

/* Begin XCConfigurationList section */
		ADDF27A627BCB566000D207B /* Build configuration list for PBXProject "PHYS440" */ = {
			isa = XCConfigurationList;
			buildConfigurations = (
				ADDF27DD27BCB56E000D207B /* Debug */,
				ADDF27DE27BCB56E000D207B /* Release */,
			);
			defaultConfigurationIsVisible = 0;
			defaultConfigurationName = Release;
		};
		ADDF27DF27BCB56E000D207B /* Build configuration list for PBXNativeTarget "PHYS440 (iOS)" */ = {
			isa = XCConfigurationList;
			buildConfigurations = (
				ADDF27E027BCB56E000D207B /* Debug */,
				ADDF27E127BCB56E000D207B /* Release */,
			);
			defaultConfigurationIsVisible = 0;
			defaultConfigurationName = Release;
		};
		ADDF27E227BCB56E000D207B /* Build configuration list for PBXNativeTarget "PHYS440 (macOS)" */ = {
			isa = XCConfigurationList;
			buildConfigurations = (
				ADDF27E327BCB56E000D207B /* Debug */,
				ADDF27E427BCB56E000D207B /* Release */,
			);
			defaultConfigurationIsVisible = 0;
			defaultConfigurationName = Release;
		};
		ADDF27E527BCB56E000D207B /* Build configuration list for PBXNativeTarget "Tests iOS" */ = {
			isa = XCConfigurationList;
			buildConfigurations = (
				ADDF27E627BCB56E000D207B /* Debug */,
				ADDF27E727BCB56E000D207B /* Release */,
			);
			defaultConfigurationIsVisible = 0;
			defaultConfigurationName = Release;
		};
		ADDF27E827BCB56E000D207B /* Build configuration list for PBXNativeTarget "Tests macOS" */ = {
			isa = XCConfigurationList;
			buildConfigurations = (
				ADDF27E927BCB56E000D207B /* Debug */,
				ADDF27EA27BCB56E000D207B /* Release */,
			);
			defaultConfigurationIsVisible = 0;
			defaultConfigurationName = Release;
		};
/* End XCConfigurationList section */

/* Begin XCVersionGroup section */
		ADDF27A827BCB567000D207B /* PHYS440.xcdatamodeld */ = {
			isa = XCVersionGroup;
			children = (
				ADDF27A927BCB567000D207B /* Shared.xcdatamodel */,
			);
			currentVersion = ADDF27A927BCB567000D207B /* Shared.xcdatamodel */;
			path = PHYS440.xcdatamodeld;
			sourceTree = "<group>";
			versionGroupType = wrapper.xcdatamodel;
		};
/* End XCVersionGroup section */
	};
	rootObject = ADDF27A327BCB566000D207B /* Project object */;
}
